// !$*UTF8*$!
{
	archiveVersion = 1;
	classes = {
	};
	objectVersion = 46;
	objects = {

/* Begin PBXBuildFile section */
		B64A65AD18B96C1600EBF631 /* Foundation.framework in Frameworks */ = {isa = PBXBuildFile; fileRef = B64A65AC18B96C1600EBF631 /* Foundation.framework */; };
		B64A65AF18B96C1600EBF631 /* CoreGraphics.framework in Frameworks */ = {isa = PBXBuildFile; fileRef = B64A65AE18B96C1600EBF631 /* CoreGraphics.framework */; };
		B64A65B118B96C1600EBF631 /* UIKit.framework in Frameworks */ = {isa = PBXBuildFile; fileRef = B64A65B018B96C1600EBF631 /* UIKit.framework */; };
		B64A65B718B96C1600EBF631 /* InfoPlist.strings in Resources */ = {isa = PBXBuildFile; fileRef = B64A65B518B96C1600EBF631 /* InfoPlist.strings */; };
		B64A65B918B96C1600EBF631 /* main.m in Sources */ = {isa = PBXBuildFile; fileRef = B64A65B818B96C1600EBF631 /* main.m */; };
		B64A65BD18B96C1600EBF631 /* MZAppDelegate.m in Sources */ = {isa = PBXBuildFile; fileRef = B64A65BC18B96C1600EBF631 /* MZAppDelegate.m */; };
		B64A65C018B96C1600EBF631 /* Main.storyboard in Resources */ = {isa = PBXBuildFile; fileRef = B64A65BE18B96C1600EBF631 /* Main.storyboard */; };
		B64A65C318B96C1600EBF631 /* MZViewController.m in Sources */ = {isa = PBXBuildFile; fileRef = B64A65C218B96C1600EBF631 /* MZViewController.m */; };
		B64A65C518B96C1600EBF631 /* Images.xcassets in Resources */ = {isa = PBXBuildFile; fileRef = B64A65C418B96C1600EBF631 /* Images.xcassets */; };
		B64A65CC18B96C1600EBF631 /* XCTest.framework in Frameworks */ = {isa = PBXBuildFile; fileRef = B64A65CB18B96C1600EBF631 /* XCTest.framework */; };
		B64A65CD18B96C1600EBF631 /* Foundation.framework in Frameworks */ = {isa = PBXBuildFile; fileRef = B64A65AC18B96C1600EBF631 /* Foundation.framework */; };
		B64A65CE18B96C1600EBF631 /* UIKit.framework in Frameworks */ = {isa = PBXBuildFile; fileRef = B64A65B018B96C1600EBF631 /* UIKit.framework */; };
		B64A65D618B96C1600EBF631 /* InfoPlist.strings in Resources */ = {isa = PBXBuildFile; fileRef = B64A65D418B96C1600EBF631 /* InfoPlist.strings */; };
		B64A65D818B96C1600EBF631 /* Git_TestTests.m in Sources */ = {isa = PBXBuildFile; fileRef = B64A65D718B96C1600EBF631 /* Git_TestTests.m */; };
/* End PBXBuildFile section */

/* Begin PBXContainerItemProxy section */
		B64A65CF18B96C1600EBF631 /* PBXContainerItemProxy */ = {
			isa = PBXContainerItemProxy;
			containerPortal = B64A65A118B96C1600EBF631 /* Project object */;
			proxyType = 1;
			remoteGlobalIDString = B64A65A818B96C1600EBF631;
			remoteInfo = "Git Test";
		};
/* End PBXContainerItemProxy section */

/* Begin PBXFileReference section */
		B64A65A918B96C1600EBF631 /* Git Test.app */ = {isa = PBXFileReference; explicitFileType = wrapper.application; includeInIndex = 0; path = "Git Test.app"; sourceTree = BUILT_PRODUCTS_DIR; };
		B64A65AC18B96C1600EBF631 /* Foundation.framework */ = {isa = PBXFileReference; lastKnownFileType = wrapper.framework; name = Foundation.framework; path = System/Library/Frameworks/Foundation.framework; sourceTree = SDKROOT; };
		B64A65AE18B96C1600EBF631 /* CoreGraphics.framework */ = {isa = PBXFileReference; lastKnownFileType = wrapper.framework; name = CoreGraphics.framework; path = System/Library/Frameworks/CoreGraphics.framework; sourceTree = SDKROOT; };
		B64A65B018B96C1600EBF631 /* UIKit.framework */ = {isa = PBXFileReference; lastKnownFileType = wrapper.framework; name = UIKit.framework; path = System/Library/Frameworks/UIKit.framework; sourceTree = SDKROOT; };
		B64A65B418B96C1600EBF631 /* Git Test-Info.plist */ = {isa = PBXFileReference; lastKnownFileType = text.plist.xml; path = "Git Test-Info.plist"; sourceTree = "<group>"; };
		B64A65B618B96C1600EBF631 /* en */ = {isa = PBXFileReference; lastKnownFileType = text.plist.strings; name = en; path = en.lproj/InfoPlist.strings; sourceTree = "<group>"; };
		B64A65B818B96C1600EBF631 /* main.m */ = {isa = PBXFileReference; lastKnownFileType = sourcecode.c.objc; path = main.m; sourceTree = "<group>"; };
		B64A65BA18B96C1600EBF631 /* Git Test-Prefix.pch */ = {isa = PBXFileReference; lastKnownFileType = sourcecode.c.h; path = "Git Test-Prefix.pch"; sourceTree = "<group>"; };
		B64A65BB18B96C1600EBF631 /* MZAppDelegate.h */ = {isa = PBXFileReference; lastKnownFileType = sourcecode.c.h; path = MZAppDelegate.h; sourceTree = "<group>"; };
		B64A65BC18B96C1600EBF631 /* MZAppDelegate.m */ = {isa = PBXFileReference; lastKnownFileType = sourcecode.c.objc; path = MZAppDelegate.m; sourceTree = "<group>"; };
		B64A65BF18B96C1600EBF631 /* Base */ = {isa = PBXFileReference; lastKnownFileType = file.storyboard; name = Base; path = Base.lproj/Main.storyboard; sourceTree = "<group>"; };
		B64A65C118B96C1600EBF631 /* MZViewController.h */ = {isa = PBXFileReference; lastKnownFileType = sourcecode.c.h; path = MZViewController.h; sourceTree = "<group>"; };
		B64A65C218B96C1600EBF631 /* MZViewController.m */ = {isa = PBXFileReference; lastKnownFileType = sourcecode.c.objc; path = MZViewController.m; sourceTree = "<group>"; };
		B64A65C418B96C1600EBF631 /* Images.xcassets */ = {isa = PBXFileReference; lastKnownFileType = folder.assetcatalog; path = Images.xcassets; sourceTree = "<group>"; };
		B64A65CA18B96C1600EBF631 /* Git TestTests.xctest */ = {isa = PBXFileReference; explicitFileType = wrapper.cfbundle; includeInIndex = 0; path = "Git TestTests.xctest"; sourceTree = BUILT_PRODUCTS_DIR; };
		B64A65CB18B96C1600EBF631 /* XCTest.framework */ = {isa = PBXFileReference; lastKnownFileType = wrapper.framework; name = XCTest.framework; path = Library/Frameworks/XCTest.framework; sourceTree = DEVELOPER_DIR; };
		B64A65D318B96C1600EBF631 /* Git TestTests-Info.plist */ = {isa = PBXFileReference; lastKnownFileType = text.plist.xml; path = "Git TestTests-Info.plist"; sourceTree = "<group>"; };
		B64A65D518B96C1600EBF631 /* en */ = {isa = PBXFileReference; lastKnownFileType = text.plist.strings; name = en; path = en.lproj/InfoPlist.strings; sourceTree = "<group>"; };
		B64A65D718B96C1600EBF631 /* Git_TestTests.m */ = {isa = PBXFileReference; lastKnownFileType = sourcecode.c.objc; path = Git_TestTests.m; sourceTree = "<group>"; };
/* End PBXFileReference section */

/* Begin PBXFrameworksBuildPhase section */
		B64A65A618B96C1600EBF631 /* Frameworks */ = {
			isa = PBXFrameworksBuildPhase;
			buildActionMask = 2147483647;
			files = (
				B64A65AF18B96C1600EBF631 /* CoreGraphics.framework in Frameworks */,
				B64A65B118B96C1600EBF631 /* UIKit.framework in Frameworks */,
				B64A65AD18B96C1600EBF631 /* Foundation.framework in Frameworks */,
			);
			runOnlyForDeploymentPostprocessing = 0;
		};
		B64A65C718B96C1600EBF631 /* Frameworks */ = {
			isa = PBXFrameworksBuildPhase;
			buildActionMask = 2147483647;
			files = (
				B64A65CC18B96C1600EBF631 /* XCTest.framework in Frameworks */,
				B64A65CE18B96C1600EBF631 /* UIKit.framework in Frameworks */,
				B64A65CD18B96C1600EBF631 /* Foundation.framework in Frameworks */,
			);
			runOnlyForDeploymentPostprocessing = 0;
		};
/* End PBXFrameworksBuildPhase section */

/* Begin PBXGroup section */
		B64A65A018B96C1600EBF631 = {
			isa = PBXGroup;
			children = (
				B64A65B218B96C1600EBF631 /* Git Test */,
				B64A65D118B96C1600EBF631 /* Git TestTests */,
				B64A65AB18B96C1600EBF631 /* Frameworks */,
				B64A65AA18B96C1600EBF631 /* Products */,
			);
			sourceTree = "<group>";
		};
		B64A65AA18B96C1600EBF631 /* Products */ = {
			isa = PBXGroup;
			children = (
				B64A65A918B96C1600EBF631 /* Git Test.app */,
				B64A65CA18B96C1600EBF631 /* Git TestTests.xctest */,
			);
			name = Products;
			sourceTree = "<group>";
		};
		B64A65AB18B96C1600EBF631 /* Frameworks */ = {
			isa = PBXGroup;
			children = (
				B64A65AC18B96C1600EBF631 /* Foundation.framework */,
				B64A65AE18B96C1600EBF631 /* CoreGraphics.framework */,
				B64A65B018B96C1600EBF631 /* UIKit.framework */,
				B64A65CB18B96C1600EBF631 /* XCTest.framework */,
			);
			name = Frameworks;
			sourceTree = "<group>";
		};
		B64A65B218B96C1600EBF631 /* Git Test */ = {
			isa = PBXGroup;
			children = (
				B64A65BB18B96C1600EBF631 /* MZAppDelegate.h */,
				B64A65BC18B96C1600EBF631 /* MZAppDelegate.m */,
				B64A65BE18B96C1600EBF631 /* Main.storyboard */,
				B64A65C118B96C1600EBF631 /* MZViewController.h */,
				B64A65C218B96C1600EBF631 /* MZViewController.m */,
				B64A65C418B96C1600EBF631 /* Images.xcassets */,
				B64A65B318B96C1600EBF631 /* Supporting Files */,
			);
			path = "Git Test";
			sourceTree = "<group>";
		};
		B64A65B318B96C1600EBF631 /* Supporting Files */ = {
			isa = PBXGroup;
			children = (
				B64A65B418B96C1600EBF631 /* Git Test-Info.plist */,
				B64A65B518B96C1600EBF631 /* InfoPlist.strings */,
				B64A65B818B96C1600EBF631 /* main.m */,
				B64A65BA18B96C1600EBF631 /* Git Test-Prefix.pch */,
			);
			name = "Supporting Files";
			sourceTree = "<group>";
		};
		B64A65D118B96C1600EBF631 /* Git TestTests */ = {
			isa = PBXGroup;
			children = (
				B64A65D718B96C1600EBF631 /* Git_TestTests.m */,
				B64A65D218B96C1600EBF631 /* Supporting Files */,
			);
			path = "Git TestTests";
			sourceTree = "<group>";
		};
		B64A65D218B96C1600EBF631 /* Supporting Files */ = {
			isa = PBXGroup;
			children = (
				B64A65D318B96C1600EBF631 /* Git TestTests-Info.plist */,
				B64A65D418B96C1600EBF631 /* InfoPlist.strings */,
			);
			name = "Supporting Files";
			sourceTree = "<group>";
		};
/* End PBXGroup section */

/* Begin PBXNativeTarget section */
		B64A65A818B96C1600EBF631 /* Git Test */ = {
			isa = PBXNativeTarget;
			buildConfigurationList = B64A65DB18B96C1600EBF631 /* Build configuration list for PBXNativeTarget "Git Test" */;
			buildPhases = (
				B64A65A518B96C1600EBF631 /* Sources */,
				B64A65A618B96C1600EBF631 /* Frameworks */,
				B64A65A718B96C1600EBF631 /* Resources */,
			);
			buildRules = (
			);
			dependencies = (
			);
			name = "Git Test";
			productName = "Git Test";
			productReference = B64A65A918B96C1600EBF631 /* Git Test.app */;
			productType = "com.apple.product-type.application";
		};
		B64A65C918B96C1600EBF631 /* Git TestTests */ = {
			isa = PBXNativeTarget;
			buildConfigurationList = B64A65DE18B96C1600EBF631 /* Build configuration list for PBXNativeTarget "Git TestTests" */;
			buildPhases = (
				B64A65C618B96C1600EBF631 /* Sources */,
				B64A65C718B96C1600EBF631 /* Frameworks */,
				B64A65C818B96C1600EBF631 /* Resources */,
			);
			buildRules = (
			);
			dependencies = (
				B64A65D018B96C1600EBF631 /* PBXTargetDependency */,
			);
			name = "Git TestTests";
			productName = "Git TestTests";
			productReference = B64A65CA18B96C1600EBF631 /* Git TestTests.xctest */;
			productType = "com.apple.product-type.bundle.unit-test";
		};
/* End PBXNativeTarget section */

/* Begin PBXProject section */
		B64A65A118B96C1600EBF631 /* Project object */ = {
			isa = PBXProject;
			attributes = {
				CLASSPREFIX = MZ;
				LastUpgradeCheck = 0500;
				ORGANIZATIONNAME = "Matt Ziegler";
				TargetAttributes = {
					B64A65C918B96C1600EBF631 = {
						TestTargetID = B64A65A818B96C1600EBF631;
					};
				};
			};
			buildConfigurationList = B64A65A418B96C1600EBF631 /* Build configuration list for PBXProject "Git Test" */;
			compatibilityVersion = "Xcode 3.2";
			developmentRegion = English;
			hasScannedForEncodings = 0;
			knownRegions = (
				en,
				Base,
			);
			mainGroup = B64A65A018B96C1600EBF631;
			productRefGroup = B64A65AA18B96C1600EBF631 /* Products */;
			projectDirPath = "";
			projectRoot = "";
			targets = (
				B64A65A818B96C1600EBF631 /* Git Test */,
				B64A65C918B96C1600EBF631 /* Git TestTests */,
			);
		};
/* End PBXProject section */

/* Begin PBXResourcesBuildPhase section */
		B64A65A718B96C1600EBF631 /* Resources */ = {
			isa = PBXResourcesBuildPhase;
			buildActionMask = 2147483647;
			files = (
				B64A65C518B96C1600EBF631 /* Images.xcassets in Resources */,
				B64A65B718B96C1600EBF631 /* InfoPlist.strings in Resources */,
				B64A65C018B96C1600EBF631 /* Main.storyboard in Resources */,
			);
			runOnlyForDeploymentPostprocessing = 0;
		};
		B64A65C818B96C1600EBF631 /* Resources */ = {
			isa = PBXResourcesBuildPhase;
			buildActionMask = 2147483647;
			files = (
				B64A65D618B96C1600EBF631 /* InfoPlist.strings in Resources */,
			);
			runOnlyForDeploymentPostprocessing = 0;
		};
/* End PBXResourcesBuildPhase section */

/* Begin PBXSourcesBuildPhase section */
		B64A65A518B96C1600EBF631 /* Sources */ = {
			isa = PBXSourcesBuildPhase;
			buildActionMask = 2147483647;
			files = (
				B64A65C318B96C1600EBF631 /* MZViewController.m in Sources */,
				B64A65B918B96C1600EBF631 /* main.m in Sources */,
				B64A65BD18B96C1600EBF631 /* MZAppDelegate.m in Sources */,
			);
			runOnlyForDeploymentPostprocessing = 0;
		};
		B64A65C618B96C1600EBF631 /* Sources */ = {
			isa = PBXSourcesBuildPhase;
			buildActionMask = 2147483647;
			files = (
				B64A65D818B96C1600EBF631 /* Git_TestTests.m in Sources */,
			);
			runOnlyForDeploymentPostprocessing = 0;
		};
/* End PBXSourcesBuildPhase section */

/* Begin PBXTargetDependency section */
		B64A65D018B96C1600EBF631 /* PBXTargetDependency */ = {
			isa = PBXTargetDependency;
			target = B64A65A818B96C1600EBF631 /* Git Test */;
			targetProxy = B64A65CF18B96C1600EBF631 /* PBXContainerItemProxy */;
		};
/* End PBXTargetDependency section */

/* Begin PBXVariantGroup section */
		B64A65B518B96C1600EBF631 /* InfoPlist.strings */ = {
			isa = PBXVariantGroup;
			children = (
				B64A65B618B96C1600EBF631 /* en */,
			);
			name = InfoPlist.strings;
			sourceTree = "<group>";
		};
		B64A65BE18B96C1600EBF631 /* Main.storyboard */ = {
			isa = PBXVariantGroup;
			children = (
				B64A65BF18B96C1600EBF631 /* Base */,
			);
			name = Main.storyboard;
			sourceTree = "<group>";
		};
		B64A65D418B96C1600EBF631 /* InfoPlist.strings */ = {
			isa = PBXVariantGroup;
			children = (
				B64A65D518B96C1600EBF631 /* en */,
			);
			name = InfoPlist.strings;
			sourceTree = "<group>";
		};
/* End PBXVariantGroup section */

/* Begin XCBuildConfiguration section */
		B64A65D918B96C1600EBF631 /* Debug */ = {
			isa = XCBuildConfiguration;
			buildSettings = {
				ALWAYS_SEARCH_USER_PATHS = NO;
				ARCHS = "$(ARCHS_STANDARD_INCLUDING_64_BIT)";
				CLANG_CXX_LANGUAGE_STANDARD = "gnu++0x";
				CLANG_CXX_LIBRARY = "libc++";
				CLANG_ENABLE_MODULES = YES;
				CLANG_ENABLE_OBJC_ARC = YES;
				CLANG_WARN_BOOL_CONVERSION = YES;
				CLANG_WARN_CONSTANT_CONVERSION = YES;
				CLANG_WARN_DIRECT_OBJC_ISA_USAGE = YES_ERROR;
				CLANG_WARN_EMPTY_BODY = YES;
				CLANG_WARN_ENUM_CONVERSION = YES;
				CLANG_WARN_INT_CONVERSION = YES;
				CLANG_WARN_OBJC_ROOT_CLASS = YES_ERROR;
				CLANG_WARN__DUPLICATE_METHOD_MATCH = YES;
				"CODE_SIGN_IDENTITY[sdk=iphoneos*]" = "iPhone Developer";
				COPY_PHASE_STRIP = NO;
				GCC_C_LANGUAGE_STANDARD = gnu99;
				GCC_DYNAMIC_NO_PIC = NO;
				GCC_OPTIMIZATION_LEVEL = 0;
				GCC_PREPROCESSOR_DEFINITIONS = (
					"DEBUG=1",
					"$(inherited)",
				);
				GCC_SYMBOLS_PRIVATE_EXTERN = NO;
				GCC_WARN_64_TO_32_BIT_CONVERSION = YES;
				GCC_WARN_ABOUT_RETURN_TYPE = YES_ERROR;
				GCC_WARN_UNDECLARED_SELECTOR = YES;
				GCC_WARN_UNINITIALIZED_AUTOS = YES;
				GCC_WARN_UNUSED_FUNCTION = YES;
				GCC_WARN_UNUSED_VARIABLE = YES;
				IPHONEOS_DEPLOYMENT_TARGET = 7.0;
				ONLY_ACTIVE_ARCH = YES;
				SDKROOT = iphoneos;
			};
			name = Debug;
		};
		B64A65DA18B96C1600EBF631 /* Release */ = {
			isa = XCBuildConfiguration;
			buildSettings = {
				ALWAYS_SEARCH_USER_PATHS = NO;
				ARCHS = "$(ARCHS_STANDARD_INCLUDING_64_BIT)";
				CLANG_CXX_LANGUAGE_STANDARD = "gnu++0x";
				CLANG_CXX_LIBRARY = "libc++";
				CLANG_ENABLE_MODULES = YES;
				CLANG_ENABLE_OBJC_ARC = YES;
				CLANG_WARN_BOOL_CONVERSION = YES;
				CLANG_WARN_CONSTANT_CONVERSION = YES;
				CLANG_WARN_DIRECT_OBJC_ISA_USAGE = YES_ERROR;
				CLANG_WARN_EMPTY_BODY = YES;
				CLANG_WARN_ENUM_CONVERSION = YES;
				CLANG_WARN_INT_CONVERSION = YES;
				CLANG_WARN_OBJC_ROOT_CLASS = YES_ERROR;
				CLANG_WARN__DUPLICATE_METHOD_MATCH = YES;
				"CODE_SIGN_IDENTITY[sdk=iphoneos*]" = "iPhone Developer";
				COPY_PHASE_STRIP = YES;
				ENABLE_NS_ASSERTIONS = NO;
				GCC_C_LANGUAGE_STANDARD = gnu99;
				GCC_WARN_64_TO_32_BIT_CONVERSION = YES;
				GCC_WARN_ABOUT_RETURN_TYPE = YES_ERROR;
				GCC_WARN_UNDECLARED_SELECTOR = YES;
				GCC_WARN_UNINITIALIZED_AUTOS = YES;
				GCC_WARN_UNUSED_FUNCTION = YES;
				GCC_WARN_UNUSED_VARIABLE = YES;
				IPHONEOS_DEPLOYMENT_TARGET = 7.0;
				SDKROOT = iphoneos;
				VALIDATE_PRODUCT = YES;
			};
			name = Release;
		};
		B64A65DC18B96C1600EBF631 /* Debug */ = {
			isa = XCBuildConfiguration;
			buildSettings = {
				ASSETCATALOG_COMPILER_APPICON_NAME = AppIcon;
				ASSETCATALOG_COMPILER_LAUNCHIMAGE_NAME = LaunchImage;
				GCC_PRECOMPILE_PREFIX_HEADER = YES;
				GCC_PREFIX_HEADER = "Git Test/Git Test-Prefix.pch";
				INFOPLIST_FILE = "Git Test/Git Test-Info.plist";
				PRODUCT_NAME = "$(TARGET_NAME)";
				WRAPPER_EXTENSION = app;
			};
			name = Debug;
		};
		B64A65DD18B96C1600EBF631 /* Release */ = {
			isa = XCBuildConfiguration;
			buildSettings = {
				ASSETCATALOG_COMPILER_APPICON_NAME = AppIcon;
				ASSETCATALOG_COMPILER_LAUNCHIMAGE_NAME = LaunchImage;
				GCC_PRECOMPILE_PREFIX_HEADER = YES;
				GCC_PREFIX_HEADER = "Git Test/Git Test-Prefix.pch";
				INFOPLIST_FILE = "Git Test/Git Test-Info.plist";
				PRODUCT_NAME = "$(TARGET_NAME)";
				WRAPPER_EXTENSION = app;
			};
			name = Release;
		};
		B64A65DF18B96C1600EBF631 /* Debug */ = {
			isa = XCBuildConfiguration;
			buildSettings = {
				ARCHS = "$(ARCHS_STANDARD_INCLUDING_64_BIT)";
				BUNDLE_LOADER = "$(BUILT_PRODUCTS_DIR)/Git Test.app/Git Test";
				FRAMEWORK_SEARCH_PATHS = (
					"$(SDKROOT)/Developer/Library/Frameworks",
					"$(inherited)",
					"$(DEVELOPER_FRAMEWORKS_DIR)",
				);
				GCC_PRECOMPILE_PREFIX_HEADER = YES;
				GCC_PREFIX_HEADER = "Git Test/Git Test-Prefix.pch";
				GCC_PREPROCESSOR_DEFINITIONS = (
					"DEBUG=1",
					"$(inherited)",
				);
				INFOPLIST_FILE = "Git TestTests/Git TestTests-Info.plist";
				PRODUCT_NAME = "$(TARGET_NAME)";
				TEST_HOST = "$(BUNDLE_LOADER)";
				WRAPPER_EXTENSION = xctest;
			};
			name = Debug;
		};
		B64A65E018B96C1600EBF631 /* Release */ = {
			isa = XCBuildConfiguration;
			buildSettings = {
				ARCHS = "$(ARCHS_STANDARD_INCLUDING_64_BIT)";
				BUNDLE_LOADER = "$(BUILT_PRODUCTS_DIR)/Git Test.app/Git Test";
				FRAMEWORK_SEARCH_PATHS = (
					"$(SDKROOT)/Developer/Library/Frameworks",
					"$(inherited)",
					"$(DEVELOPER_FRAMEWORKS_DIR)",
				);
				GCC_PRECOMPILE_PREFIX_HEADER = YES;
				GCC_PREFIX_HEADER = "Git Test/Git Test-Prefix.pch";
				INFOPLIST_FILE = "Git TestTests/Git TestTests-Info.plist";
				PRODUCT_NAME = "$(TARGET_NAME)";
				TEST_HOST = "$(BUNDLE_LOADER)";
				WRAPPER_EXTENSION = xctest;
			};
			name = Release;
		};
/* End XCBuildConfiguration section */

/* Begin XCConfigurationList section */
		B64A65A418B96C1600EBF631 /* Build configuration list for PBXProject "Git Test" */ = {
			isa = XCConfigurationList;
			buildConfigurations = (
				B64A65D918B96C1600EBF631 /* Debug */,
				B64A65DA18B96C1600EBF631 /* Release */,
			);
			defaultConfigurationIsVisible = 0;
			defaultConfigurationName = Release;
		};
		B64A65DB18B96C1600EBF631 /* Build configuration list for PBXNativeTarget "Git Test" */ = {
			isa = XCConfigurationList;
			buildConfigurations = (
				B64A65DC18B96C1600EBF631 /* Debug */,
				B64A65DD18B96C1600EBF631 /* Release */,
			);
			defaultConfigurationIsVisible = 0;
		};
		B64A65DE18B96C1600EBF631 /* Build configuration list for PBXNativeTarget "Git TestTests" */ = {
			isa = XCConfigurationList;
			buildConfigurations = (
				B64A65DF18B96C1600EBF631 /* Debug */,
				B64A65E018B96C1600EBF631 /* Release */,
			);
			defaultConfigurationIsVisible = 0;
		};
/* End XCConfigurationList section */
	};
	rootObject = B64A65A118B96C1600EBF631 /* Project object */;
}
